{
  "lockfile_version": "1",
  "packages": {
    "air": {
      "resolved": "github:NixOS/nixpkgs/75a52265bda7fd25e06e3a67dee3f0354e73243c#air",
      "source": "nixpkg"
    },
    "go": {
      "resolved": "github:NixOS/nixpkgs/75a52265bda7fd25e06e3a67dee3f0354e73243c#go",
      "source": "nixpkg"
    },
    "golangci-lint": {
      "resolved": "github:NixOS/nixpkgs/75a52265bda7fd25e06e3a67dee3f0354e73243c#golangci-lint",
      "source": "nixpkg"
    },
    "gopls": {
      "resolved": "github:NixOS/nixpkgs/75a52265bda7fd25e06e3a67dee3f0354e73243c#gopls",
      "source": "nixpkg"
    }
  }
}
